
Microsoft Visual Studio Solution File, Format Version 12.00
# Visual Studio 15
VisualStudioVersion = 15.0.28010.2003
MinimumVisualStudioVersion = 10.0.40219.1
Project("{8BC9CEB8-8B4A-11D0-8D11-00A0C91BC942}") = "TFM", "TFM.vcxproj", "{6C537F0D-F3D5-4A52-865E-BC1DFF0E07C4}"
EndProject
Global
	GlobalSection(SolutionConfigurationPlatforms) = preSolution
		Debug|x64 = Debug|x64
		Debug|x86 = Debug|x86
		Release - Debug|x64 = Release - Debug|x64
		Release - Debug|x86 = Release - Debug|x86
		Release|x64 = Release|x64
		Release|x86 = Release|x86
	EndGlobalSection
	GlobalSection(ProjectConfigurationPlatforms) = postSolution
		{6C537F0D-F3D5-4A52-865E-BC1DFF0E07C4}.Debug|x64.ActiveCfg = Debug|x64
		{6C537F0D-F3D5-4A52-865E-BC1DFF0E07C4}.Debug|x64.Build.0 = Debug|x64
		{6C537F0D-F3D5-4A52-865E-BC1DFF0E07C4}.Debug|x86.ActiveCfg = Debug|Win32
		{6C537F0D-F3D5-4A52-865E-BC1DFF0E07C4}.Debug|x86.Build.0 = Debug|Win32
		{6C537F0D-F3D5-4A52-865E-BC1DFF0E07C4}.Release - Debug|x64.ActiveCfg = Release - Debug|x64
		{6C537F0D-F3D5-4A52-865E-BC1DFF0E07C4}.Release - Debug|x64.Build.0 = Release - Debug|x64
		{6C537F0D-F3D5-4A52-865E-BC1DFF0E07C4}.Release - Debug|x86.ActiveCfg = Release - Debug|Win32
		{6C537F0D-F3D5-4A52-865E-BC1DFF0E07C4}.Release - Debug|x86.Build.0 = Release - Debug|Win32
		{6C537F0D-F3D5-4A52-865E-BC1DFF0E07C4}.Release|x64.ActiveCfg = Release|x64
		{6C537F0D-F3D5-4A52-865E-BC1DFF0E07C4}.Release|x64.Build.0 = Release|x64
		{6C537F0D-F3D5-4A52-865E-BC1DFF0E07C4}.Release|x86.ActiveCfg = Release|Win32
		{6C537F0D-F3D5-4A52-865E-BC1DFF0E07C4}.Release|x86.Build.0 = Release|Win32
	EndGlobalSection
	GlobalSection(SolutionProperties) = preSolution
		HideSolutionNode = FALSE
	EndGlobalSection
	GlobalSection(ExtensibilityGlobals) = postSolution
		SolutionGuid = {6F21C49D-80CB-4BE5-8DDF-CF4EFB58F0DB}
	EndGlobalSection
EndGlobal
